
Microsoft Visual Studio Solution File, Format Version 12.00
# Visual Studio Version 17
VisualStudioVersion = 17.2.32630.192
MinimumVisualStudioVersion = 10.0.40219.1
Project("{8BC9CEB8-8B4A-11D0-8D11-00A0C91BC942}") = "PR3.4", "PR3.4\PR3.4.vcxproj", "{98AFCAE3-61E8-43FE-8A54-53C899FD6E33}"
EndProject
Global
	GlobalSection(SolutionConfigurationPlatforms) = preSolution
		Debug|x64 = Debug|x64
		Debug|x86 = Debug|x86
		Release|x64 = Release|x64
		Release|x86 = Release|x86
	EndGlobalSection
	GlobalSection(ProjectConfigurationPlatforms) = postSolution
		{98AFCAE3-61E8-43FE-8A54-53C899FD6E33}.Debug|x64.ActiveCfg = Debug|x64
		{98AFCAE3-61E8-43FE-8A54-53C899FD6E33}.Debug|x64.Build.0 = Debug|x64
		{98AFCAE3-61E8-43FE-8A54-53C899FD6E33}.Debug|x86.ActiveCfg = Debug|Win32
		{98AFCAE3-61E8-43FE-8A54-53C899FD6E33}.Debug|x86.Build.0 = Debug|Win32
		{98AFCAE3-61E8-43FE-8A54-53C899FD6E33}.Release|x64.ActiveCfg = Release|x64
		{98AFCAE3-61E8-43FE-8A54-53C899FD6E33}.Release|x64.Build.0 = Release|x64
		{98AFCAE3-61E8-43FE-8A54-53C899FD6E33}.Release|x86.ActiveCfg = Release|Win32
		{98AFCAE3-61E8-43FE-8A54-53C899FD6E33}.Release|x86.Build.0 = Release|Win32
	EndGlobalSection
	GlobalSection(SolutionProperties) = preSolution
		HideSolutionNode = FALSE
	EndGlobalSection
	GlobalSection(ExtensibilityGlobals) = postSolution
		SolutionGuid = {CD37B54C-6F9B-4BCD-888D-00EE059AC6CD}
	EndGlobalSection
EndGlobal
